
Microsoft Visual Studio Solution File, Format Version 12.00
# Visual Studio Version 17
VisualStudioVersion = 17.6.33815.320
MinimumVisualStudioVersion = 10.0.40219.1
Project("{9A19103F-16F7-4668-BE54-9A1E7A4F7556}") = "ClassLibrary", "ClassLibrary\ClassLibrary.csproj", "{D5BED819-6D96-415B-9F6B-F11621D8E5BD}"
EndProject
Project("{FAE04EC0-301F-11D3-BF4B-00C04F79EFBC}") = "WindowsFormsApp1", "WindowsFormsApp1\WindowsFormsApp1.csproj", "{A060FDB9-72B4-4B58-A4D6-39511FB39E0C}"
EndProject
Global
	GlobalSection(SolutionConfigurationPlatforms) = preSolution
		Debug|Any CPU = Debug|Any CPU
		Release|Any CPU = Release|Any CPU
	EndGlobalSection
	GlobalSection(ProjectConfigurationPlatforms) = postSolution
		{D5BED819-6D96-415B-9F6B-F11621D8E5BD}.Debug|Any CPU.ActiveCfg = Debug|Any CPU
		{D5BED819-6D96-415B-9F6B-F11621D8E5BD}.Debug|Any CPU.Build.0 = Debug|Any CPU
		{D5BED819-6D96-415B-9F6B-F11621D8E5BD}.Release|Any CPU.ActiveCfg = Release|Any CPU
		{D5BED819-6D96-415B-9F6B-F11621D8E5BD}.Release|Any CPU.Build.0 = Release|Any CPU
		{A060FDB9-72B4-4B58-A4D6-39511FB39E0C}.Debug|Any CPU.ActiveCfg = Debug|Any CPU
		{A060FDB9-72B4-4B58-A4D6-39511FB39E0C}.Debug|Any CPU.Build.0 = Debug|Any CPU
		{A060FDB9-72B4-4B58-A4D6-39511FB39E0C}.Release|Any CPU.ActiveCfg = Release|Any CPU
		{A060FDB9-72B4-4B58-A4D6-39511FB39E0C}.Release|Any CPU.Build.0 = Release|Any CPU
	EndGlobalSection
	GlobalSection(SolutionProperties) = preSolution
		HideSolutionNode = FALSE
	EndGlobalSection
	GlobalSection(ExtensibilityGlobals) = postSolution
		SolutionGuid = {C650D49B-7549-48F4-858A-057D1FBF443C}
	EndGlobalSection
EndGlobal
